{
	"name": "hx-copy-file-content",
	"version": "0.0.0",
	"lockfileVersion": 3,
	"requires": true,
	"packages": {
		"": {
			"name": "hx-copy-file-content",
			"version": "0.0.0",
			"dependencies": {
				"filesize": "^10.1.6"
			},
			"engines": {
				"HBuilderX": "^2.7.0"
			}
		},
		"node_modules/filesize": {
			"version": "10.1.6",
			"resolved": "https://registry.npmmirror.com/filesize/-/filesize-10.1.6.tgz",
			"integrity": "sha512-sJslQKU2uM33qH5nqewAwVB2QgR6w1aMNsYUp3aN5rMRyXEwJGmZvaWzeJFNTOXWlHQyBFCWrdj3fV/fsTOX8w==",
			"engines": {
				"node": ">= 10.4.0"
			}
		}
	}
}
